// !$*UTF8*$!
{
	archiveVersion = 1;
	classes = {
	};
	objectVersion = 46;
	objects = {

/* Begin PBXBuildFile section */
		FAFFCCF51EDB61DC0049BA2B /* main.m in Sources */ = {isa = PBXBuildFile; fileRef = FAFFCCF41EDB61DC0049BA2B /* main.m */; };
		FAFFCCF81EDB61DC0049BA2B /* AppDelegate.m in Sources */ = {isa = PBXBuildFile; fileRef = FAFFCCF71EDB61DC0049BA2B /* AppDelegate.m */; };
		FAFFCCFB1EDB61DC0049BA2B /* ViewController.m in Sources */ = {isa = PBXBuildFile; fileRef = FAFFCCFA1EDB61DC0049BA2B /* ViewController.m */; };
		FAFFCCFE1EDB61DC0049BA2B /* Main.storyboard in Resources */ = {isa = PBXBuildFile; fileRef = FAFFCCFC1EDB61DC0049BA2B /* Main.storyboard */; };
		FAFFCD001EDB61DC0049BA2B /* Assets.xcassets in Resources */ = {isa = PBXBuildFile; fileRef = FAFFCCFF1EDB61DC0049BA2B /* Assets.xcassets */; };
		FAFFCD031EDB61DC0049BA2B /* LaunchScreen.storyboard in Resources */ = {isa = PBXBuildFile; fileRef = FAFFCD011EDB61DC0049BA2B /* LaunchScreen.storyboard */; };
		FAFFCD0E1EDB61DD0049BA2B /* Login_and_Registration_moduleTests.m in Sources */ = {isa = PBXBuildFile; fileRef = FAFFCD0D1EDB61DD0049BA2B /* Login_and_Registration_moduleTests.m */; };
		FAFFCD191EDB61DD0049BA2B /* Login_and_Registration_moduleUITests.m in Sources */ = {isa = PBXBuildFile; fileRef = FAFFCD181EDB61DD0049BA2B /* Login_and_Registration_moduleUITests.m */; };
/* End PBXBuildFile section */

/* Begin PBXContainerItemProxy section */
		FAFFCD0A1EDB61DC0049BA2B /* PBXContainerItemProxy */ = {
			isa = PBXContainerItemProxy;
			containerPortal = FAFFCCE81EDB61DC0049BA2B /* Project object */;
			proxyType = 1;
			remoteGlobalIDString = FAFFCCEF1EDB61DC0049BA2B;
			remoteInfo = "Login and Registration module";
		};
		FAFFCD151EDB61DD0049BA2B /* PBXContainerItemProxy */ = {
			isa = PBXContainerItemProxy;
			containerPortal = FAFFCCE81EDB61DC0049BA2B /* Project object */;
			proxyType = 1;
			remoteGlobalIDString = FAFFCCEF1EDB61DC0049BA2B;
			remoteInfo = "Login and Registration module";
		};
/* End PBXContainerItemProxy section */

/* Begin PBXFileReference section */
		FAFFCCF01EDB61DC0049BA2B /* Login and Registration module.app */ = {isa = PBXFileReference; explicitFileType = wrapper.application; includeInIndex = 0; path = "Login and Registration module.app"; sourceTree = BUILT_PRODUCTS_DIR; };
		FAFFCCF41EDB61DC0049BA2B /* main.m */ = {isa = PBXFileReference; lastKnownFileType = sourcecode.c.objc; path = main.m; sourceTree = "<group>"; };
		FAFFCCF61EDB61DC0049BA2B /* AppDelegate.h */ = {isa = PBXFileReference; lastKnownFileType = sourcecode.c.h; path = AppDelegate.h; sourceTree = "<group>"; };
		FAFFCCF71EDB61DC0049BA2B /* AppDelegate.m */ = {isa = PBXFileReference; lastKnownFileType = sourcecode.c.objc; path = AppDelegate.m; sourceTree = "<group>"; };
		FAFFCCF91EDB61DC0049BA2B /* ViewController.h */ = {isa = PBXFileReference; lastKnownFileType = sourcecode.c.h; path = ViewController.h; sourceTree = "<group>"; };
		FAFFCCFA1EDB61DC0049BA2B /* ViewController.m */ = {isa = PBXFileReference; lastKnownFileType = sourcecode.c.objc; path = ViewController.m; sourceTree = "<group>"; };
		FAFFCCFD1EDB61DC0049BA2B /* Base */ = {isa = PBXFileReference; lastKnownFileType = file.storyboard; name = Base; path = Base.lproj/Main.storyboard; sourceTree = "<group>"; };
		FAFFCCFF1EDB61DC0049BA2B /* Assets.xcassets */ = {isa = PBXFileReference; lastKnownFileType = folder.assetcatalog; path = Assets.xcassets; sourceTree = "<group>"; };
		FAFFCD021EDB61DC0049BA2B /* Base */ = {isa = PBXFileReference; lastKnownFileType = file.storyboard; name = Base; path = Base.lproj/LaunchScreen.storyboard; sourceTree = "<group>"; };
		FAFFCD041EDB61DC0049BA2B /* Info.plist */ = {isa = PBXFileReference; lastKnownFileType = text.plist.xml; path = Info.plist; sourceTree = "<group>"; };
		FAFFCD091EDB61DC0049BA2B /* Login and Registration moduleTests.xctest */ = {isa = PBXFileReference; explicitFileType = wrapper.cfbundle; includeInIndex = 0; path = "Login and Registration moduleTests.xctest"; sourceTree = BUILT_PRODUCTS_DIR; };
		FAFFCD0D1EDB61DD0049BA2B /* Login_and_Registration_moduleTests.m */ = {isa = PBXFileReference; lastKnownFileType = sourcecode.c.objc; path = Login_and_Registration_moduleTests.m; sourceTree = "<group>"; };
		FAFFCD0F1EDB61DD0049BA2B /* Info.plist */ = {isa = PBXFileReference; lastKnownFileType = text.plist.xml; path = Info.plist; sourceTree = "<group>"; };
		FAFFCD141EDB61DD0049BA2B /* Login and Registration moduleUITests.xctest */ = {isa = PBXFileReference; explicitFileType = wrapper.cfbundle; includeInIndex = 0; path = "Login and Registration moduleUITests.xctest"; sourceTree = BUILT_PRODUCTS_DIR; };
		FAFFCD181EDB61DD0049BA2B /* Login_and_Registration_moduleUITests.m */ = {isa = PBXFileReference; lastKnownFileType = sourcecode.c.objc; path = Login_and_Registration_moduleUITests.m; sourceTree = "<group>"; };
		FAFFCD1A1EDB61DD0049BA2B /* Info.plist */ = {isa = PBXFileReference; lastKnownFileType = text.plist.xml; path = Info.plist; sourceTree = "<group>"; };
/* End PBXFileReference section */

/* Begin PBXFrameworksBuildPhase section */
		FAFFCCED1EDB61DC0049BA2B /* Frameworks */ = {
			isa = PBXFrameworksBuildPhase;
			buildActionMask = 2147483647;
			files = (
			);
			runOnlyForDeploymentPostprocessing = 0;
		};
		FAFFCD061EDB61DC0049BA2B /* Frameworks */ = {
			isa = PBXFrameworksBuildPhase;
			buildActionMask = 2147483647;
			files = (
			);
			runOnlyForDeploymentPostprocessing = 0;
		};
		FAFFCD111EDB61DD0049BA2B /* Frameworks */ = {
			isa = PBXFrameworksBuildPhase;
			buildActionMask = 2147483647;
			files = (
			);
			runOnlyForDeploymentPostprocessing = 0;
		};
/* End PBXFrameworksBuildPhase section */

/* Begin PBXGroup section */
		FAFFCCE71EDB61DC0049BA2B = {
			isa = PBXGroup;
			children = (
				FAFFCCF21EDB61DC0049BA2B /* Login and Registration module */,
				FAFFCD0C1EDB61DD0049BA2B /* Login and Registration moduleTests */,
				FAFFCD171EDB61DD0049BA2B /* Login and Registration moduleUITests */,
				FAFFCCF11EDB61DC0049BA2B /* Products */,
			);
			sourceTree = "<group>";
		};
		FAFFCCF11EDB61DC0049BA2B /* Products */ = {
			isa = PBXGroup;
			children = (
				FAFFCCF01EDB61DC0049BA2B /* Login and Registration module.app */,
				FAFFCD091EDB61DC0049BA2B /* Login and Registration moduleTests.xctest */,
				FAFFCD141EDB61DD0049BA2B /* Login and Registration moduleUITests.xctest */,
			);
			name = Products;
			sourceTree = "<group>";
		};
		FAFFCCF21EDB61DC0049BA2B /* Login and Registration module */ = {
			isa = PBXGroup;
			children = (
				FAFFCCF61EDB61DC0049BA2B /* AppDelegate.h */,
				FAFFCCF71EDB61DC0049BA2B /* AppDelegate.m */,
				FAFFCCF91EDB61DC0049BA2B /* ViewController.h */,
				FAFFCCFA1EDB61DC0049BA2B /* ViewController.m */,
				FAFFCCFC1EDB61DC0049BA2B /* Main.storyboard */,
				FAFFCCFF1EDB61DC0049BA2B /* Assets.xcassets */,
				FAFFCD011EDB61DC0049BA2B /* LaunchScreen.storyboard */,
				FAFFCD041EDB61DC0049BA2B /* Info.plist */,
				FAFFCCF31EDB61DC0049BA2B /* Supporting Files */,
			);
			path = "Login and Registration module";
			sourceTree = "<group>";
		};
		FAFFCCF31EDB61DC0049BA2B /* Supporting Files */ = {
			isa = PBXGroup;
			children = (
				FAFFCCF41EDB61DC0049BA2B /* main.m */,
			);
			name = "Supporting Files";
			sourceTree = "<group>";
		};
		FAFFCD0C1EDB61DD0049BA2B /* Login and Registration moduleTests */ = {
			isa = PBXGroup;
			children = (
				FAFFCD0D1EDB61DD0049BA2B /* Login_and_Registration_moduleTests.m */,
				FAFFCD0F1EDB61DD0049BA2B /* Info.plist */,
			);
			path = "Login and Registration moduleTests";
			sourceTree = "<group>";
		};
		FAFFCD171EDB61DD0049BA2B /* Login and Registration moduleUITests */ = {
			isa = PBXGroup;
			children = (
				FAFFCD181EDB61DD0049BA2B /* Login_and_Registration_moduleUITests.m */,
				FAFFCD1A1EDB61DD0049BA2B /* Info.plist */,
			);
			path = "Login and Registration moduleUITests";
			sourceTree = "<group>";
		};
/* End PBXGroup section */

/* Begin PBXNativeTarget section */
		FAFFCCEF1EDB61DC0049BA2B /* Login and Registration module */ = {
			isa = PBXNativeTarget;
			buildConfigurationList = FAFFCD1D1EDB61DD0049BA2B /* Build configuration list for PBXNativeTarget "Login and Registration module" */;
			buildPhases = (
				FAFFCCEC1EDB61DC0049BA2B /* Sources */,
				FAFFCCED1EDB61DC0049BA2B /* Frameworks */,
				FAFFCCEE1EDB61DC0049BA2B /* Resources */,
			);
			buildRules = (
			);
			dependencies = (
			);
			name = "Login and Registration module";
			productName = "Login and Registration module";
			productReference = FAFFCCF01EDB61DC0049BA2B /* Login and Registration module.app */;
			productType = "com.apple.product-type.application";
		};
		FAFFCD081EDB61DC0049BA2B /* Login and Registration moduleTests */ = {
			isa = PBXNativeTarget;
			buildConfigurationList = FAFFCD201EDB61DD0049BA2B /* Build configuration list for PBXNativeTarget "Login and Registration moduleTests" */;
			buildPhases = (
				FAFFCD051EDB61DC0049BA2B /* Sources */,
				FAFFCD061EDB61DC0049BA2B /* Frameworks */,
				FAFFCD071EDB61DC0049BA2B /* Resources */,
			);
			buildRules = (
			);
			dependencies = (
				FAFFCD0B1EDB61DC0049BA2B /* PBXTargetDependency */,
			);
			name = "Login and Registration moduleTests";
			productName = "Login and Registration moduleTests";
			productReference = FAFFCD091EDB61DC0049BA2B /* Login and Registration moduleTests.xctest */;
			productType = "com.apple.product-type.bundle.unit-test";
		};
		FAFFCD131EDB61DD0049BA2B /* Login and Registration moduleUITests */ = {
			isa = PBXNativeTarget;
			buildConfigurationList = FAFFCD231EDB61DD0049BA2B /* Build configuration list for PBXNativeTarget "Login and Registration moduleUITests" */;
			buildPhases = (
				FAFFCD101EDB61DD0049BA2B /* Sources */,
				FAFFCD111EDB61DD0049BA2B /* Frameworks */,
				FAFFCD121EDB61DD0049BA2B /* Resources */,
			);
			buildRules = (
			);
			dependencies = (
				FAFFCD161EDB61DD0049BA2B /* PBXTargetDependency */,
			);
			name = "Login and Registration moduleUITests";
			productName = "Login and Registration moduleUITests";
			productReference = FAFFCD141EDB61DD0049BA2B /* Login and Registration moduleUITests.xctest */;
			productType = "com.apple.product-type.bundle.ui-testing";
		};
/* End PBXNativeTarget section */

/* Begin PBXProject section */
		FAFFCCE81EDB61DC0049BA2B /* Project object */ = {
			isa = PBXProject;
			attributes = {
				LastUpgradeCheck = 0830;
				ORGANIZATIONNAME = Carroll;
				TargetAttributes = {
					FAFFCCEF1EDB61DC0049BA2B = {
						CreatedOnToolsVersion = 8.3.2;
						ProvisioningStyle = Automatic;
					};
					FAFFCD081EDB61DC0049BA2B = {
						CreatedOnToolsVersion = 8.3.2;
						ProvisioningStyle = Automatic;
						TestTargetID = FAFFCCEF1EDB61DC0049BA2B;
					};
					FAFFCD131EDB61DD0049BA2B = {
						CreatedOnToolsVersion = 8.3.2;
						ProvisioningStyle = Automatic;
						TestTargetID = FAFFCCEF1EDB61DC0049BA2B;
					};
				};
			};
			buildConfigurationList = FAFFCCEB1EDB61DC0049BA2B /* Build configuration list for PBXProject "Login and Registration module" */;
			compatibilityVersion = "Xcode 3.2";
			developmentRegion = English;
			hasScannedForEncodings = 0;
			knownRegions = (
				en,
				Base,
			);
			mainGroup = FAFFCCE71EDB61DC0049BA2B;
			productRefGroup = FAFFCCF11EDB61DC0049BA2B /* Products */;
			projectDirPath = "";
			projectRoot = "";
			targets = (
				FAFFCCEF1EDB61DC0049BA2B /* Login and Registration module */,
				FAFFCD081EDB61DC0049BA2B /* Login and Registration moduleTests */,
				FAFFCD131EDB61DD0049BA2B /* Login and Registration moduleUITests */,
			);
		};
/* End PBXProject section */

/* Begin PBXResourcesBuildPhase section */
		FAFFCCEE1EDB61DC0049BA2B /* Resources */ = {
			isa = PBXResourcesBuildPhase;
			buildActionMask = 2147483647;
			files = (
				FAFFCD031EDB61DC0049BA2B /* LaunchScreen.storyboard in Resources */,
				FAFFCD001EDB61DC0049BA2B /* Assets.xcassets in Resources */,
				FAFFCCFE1EDB61DC0049BA2B /* Main.storyboard in Resources */,
			);
			runOnlyForDeploymentPostprocessing = 0;
		};
		FAFFCD071EDB61DC0049BA2B /* Resources */ = {
			isa = PBXResourcesBuildPhase;
			buildActionMask = 2147483647;
			files = (
			);
			runOnlyForDeploymentPostprocessing = 0;
		};
		FAFFCD121EDB61DD0049BA2B /* Resources */ = {
			isa = PBXResourcesBuildPhase;
			buildActionMask = 2147483647;
			files = (
			);
			runOnlyForDeploymentPostprocessing = 0;
		};
/* End PBXResourcesBuildPhase section */

/* Begin PBXSourcesBuildPhase section */
		FAFFCCEC1EDB61DC0049BA2B /* Sources */ = {
			isa = PBXSourcesBuildPhase;
			buildActionMask = 2147483647;
			files = (
				FAFFCCFB1EDB61DC0049BA2B /* ViewController.m in Sources */,
				FAFFCCF81EDB61DC0049BA2B /* AppDelegate.m in Sources */,
				FAFFCCF51EDB61DC0049BA2B /* main.m in Sources */,
			);
			runOnlyForDeploymentPostprocessing = 0;
		};
		FAFFCD051EDB61DC0049BA2B /* Sources */ = {
			isa = PBXSourcesBuildPhase;
			buildActionMask = 2147483647;
			files = (
				FAFFCD0E1EDB61DD0049BA2B /* Login_and_Registration_moduleTests.m in Sources */,
			);
			runOnlyForDeploymentPostprocessing = 0;
		};
		FAFFCD101EDB61DD0049BA2B /* Sources */ = {
			isa = PBXSourcesBuildPhase;
			buildActionMask = 2147483647;
			files = (
				FAFFCD191EDB61DD0049BA2B /* Login_and_Registration_moduleUITests.m in Sources */,
			);
			runOnlyForDeploymentPostprocessing = 0;
		};
/* End PBXSourcesBuildPhase section */

/* Begin PBXTargetDependency section */
		FAFFCD0B1EDB61DC0049BA2B /* PBXTargetDependency */ = {
			isa = PBXTargetDependency;
			target = FAFFCCEF1EDB61DC0049BA2B /* Login and Registration module */;
			targetProxy = FAFFCD0A1EDB61DC0049BA2B /* PBXContainerItemProxy */;
		};
		FAFFCD161EDB61DD0049BA2B /* PBXTargetDependency */ = {
			isa = PBXTargetDependency;
			target = FAFFCCEF1EDB61DC0049BA2B /* Login and Registration module */;
			targetProxy = FAFFCD151EDB61DD0049BA2B /* PBXContainerItemProxy */;
		};
/* End PBXTargetDependency section */

/* Begin PBXVariantGroup section */
		FAFFCCFC1EDB61DC0049BA2B /* Main.storyboard */ = {
			isa = PBXVariantGroup;
			children = (
				FAFFCCFD1EDB61DC0049BA2B /* Base */,
			);
			name = Main.storyboard;
			sourceTree = "<group>";
		};
		FAFFCD011EDB61DC0049BA2B /* LaunchScreen.storyboard */ = {
			isa = PBXVariantGroup;
			children = (
				FAFFCD021EDB61DC0049BA2B /* Base */,
			);
			name = LaunchScreen.storyboard;
			sourceTree = "<group>";
		};
/* End PBXVariantGroup section */

/* Begin XCBuildConfiguration section */
		FAFFCD1B1EDB61DD0049BA2B /* Debug */ = {
			isa = XCBuildConfiguration;
			buildSettings = {
				ALWAYS_SEARCH_USER_PATHS = NO;
				CLANG_ANALYZER_NONNULL = YES;
				CLANG_ANALYZER_NUMBER_OBJECT_CONVERSION = YES_AGGRESSIVE;
				CLANG_CXX_LANGUAGE_STANDARD = "gnu++0x";
				CLANG_CXX_LIBRARY = "libc++";
				CLANG_ENABLE_MODULES = YES;
				CLANG_ENABLE_OBJC_ARC = YES;
				CLANG_WARN_BOOL_CONVERSION = YES;
				CLANG_WARN_CONSTANT_CONVERSION = YES;
				CLANG_WARN_DIRECT_OBJC_ISA_USAGE = YES_ERROR;
				CLANG_WARN_DOCUMENTATION_COMMENTS = YES;
				CLANG_WARN_EMPTY_BODY = YES;
				CLANG_WARN_ENUM_CONVERSION = YES;
				CLANG_WARN_INFINITE_RECURSION = YES;
				CLANG_WARN_INT_CONVERSION = YES;
				CLANG_WARN_OBJC_ROOT_CLASS = YES_ERROR;
				CLANG_WARN_SUSPICIOUS_MOVE = YES;
				CLANG_WARN_UNREACHABLE_CODE = YES;
				CLANG_WARN__DUPLICATE_METHOD_MATCH = YES;
				"CODE_SIGN_IDENTITY[sdk=iphoneos*]" = "iPhone Developer";
				COPY_PHASE_STRIP = NO;
				DEBUG_INFORMATION_FORMAT = dwarf;
				ENABLE_STRICT_OBJC_MSGSEND = YES;
				ENABLE_TESTABILITY = YES;
				GCC_C_LANGUAGE_STANDARD = gnu99;
				GCC_DYNAMIC_NO_PIC = NO;
				GCC_NO_COMMON_BLOCKS = YES;
				GCC_OPTIMIZATION_LEVEL = 0;
				GCC_PREPROCESSOR_DEFINITIONS = (
					"DEBUG=1",
					"$(inherited)",
				);
				GCC_WARN_64_TO_32_BIT_CONVERSION = YES;
				GCC_WARN_ABOUT_RETURN_TYPE = YES_ERROR;
				GCC_WARN_UNDECLARED_SELECTOR = YES;
				GCC_WARN_UNINITIALIZED_AUTOS = YES_AGGRESSIVE;
				GCC_WARN_UNUSED_FUNCTION = YES;
				GCC_WARN_UNUSED_VARIABLE = YES;
				IPHONEOS_DEPLOYMENT_TARGET = 10.3;
				MTL_ENABLE_DEBUG_INFO = YES;
				ONLY_ACTIVE_ARCH = YES;
				SDKROOT = iphoneos;
			};
			name = Debug;
		};
		FAFFCD1C1EDB61DD0049BA2B /* Release */ = {
			isa = XCBuildConfiguration;
			buildSettings = {
				ALWAYS_SEARCH_USER_PATHS = NO;
				CLANG_ANALYZER_NONNULL = YES;
				CLANG_ANALYZER_NUMBER_OBJECT_CONVERSION = YES_AGGRESSIVE;
				CLANG_CXX_LANGUAGE_STANDARD = "gnu++0x";
				CLANG_CXX_LIBRARY = "libc++";
				CLANG_ENABLE_MODULES = YES;
				CLANG_ENABLE_OBJC_ARC = YES;
				CLANG_WARN_BOOL_CONVERSION = YES;
				CLANG_WARN_CONSTANT_CONVERSION = YES;
				CLANG_WARN_DIRECT_OBJC_ISA_USAGE = YES_ERROR;
				CLANG_WARN_DOCUMENTATION_COMMENTS = YES;
				CLANG_WARN_EMPTY_BODY = YES;
				CLANG_WARN_ENUM_CONVERSION = YES;
				CLANG_WARN_INFINITE_RECURSION = YES;
				CLANG_WARN_INT_CONVERSION = YES;
				CLANG_WARN_OBJC_ROOT_CLASS = YES_ERROR;
				CLANG_WARN_SUSPICIOUS_MOVE = YES;
				CLANG_WARN_UNREACHABLE_CODE = YES;
				CLANG_WARN__DUPLICATE_METHOD_MATCH = YES;
				"CODE_SIGN_IDENTITY[sdk=iphoneos*]" = "iPhone Developer";
				COPY_PHASE_STRIP = NO;
				DEBUG_INFORMATION_FORMAT = "dwarf-with-dsym";
				ENABLE_NS_ASSERTIONS = NO;
				ENABLE_STRICT_OBJC_MSGSEND = YES;
				GCC_C_LANGUAGE_STANDARD = gnu99;
				GCC_NO_COMMON_BLOCKS = YES;
				GCC_WARN_64_TO_32_BIT_CONVERSION = YES;
				GCC_WARN_ABOUT_RETURN_TYPE = YES_ERROR;
				GCC_WARN_UNDECLARED_SELECTOR = YES;
				GCC_WARN_UNINITIALIZED_AUTOS = YES_AGGRESSIVE;
				GCC_WARN_UNUSED_FUNCTION = YES;
				GCC_WARN_UNUSED_VARIABLE = YES;
				IPHONEOS_DEPLOYMENT_TARGET = 10.3;
				MTL_ENABLE_DEBUG_INFO = NO;
				SDKROOT = iphoneos;
				VALIDATE_PRODUCT = YES;
			};
			name = Release;
		};
		FAFFCD1E1EDB61DD0049BA2B /* Debug */ = {
			isa = XCBuildConfiguration;
			buildSettings = {
				ASSETCATALOG_COMPILER_APPICON_NAME = AppIcon;
				INFOPLIST_FILE = "Login and Registration module/Info.plist";
				LD_RUNPATH_SEARCH_PATHS = "$(inherited) @executable_path/Frameworks";
				PRODUCT_BUNDLE_IDENTIFIER = "com.luoerming.Login-and-Registration-module";
				PRODUCT_NAME = "$(TARGET_NAME)";
			};
			name = Debug;
		};
		FAFFCD1F1EDB61DD0049BA2B /* Release */ = {
			isa = XCBuildConfiguration;
			buildSettings = {
				ASSETCATALOG_COMPILER_APPICON_NAME = AppIcon;
				INFOPLIST_FILE = "Login and Registration module/Info.plist";
				LD_RUNPATH_SEARCH_PATHS = "$(inherited) @executable_path/Frameworks";
				PRODUCT_BUNDLE_IDENTIFIER = "com.luoerming.Login-and-Registration-module";
				PRODUCT_NAME = "$(TARGET_NAME)";
			};
			name = Release;
		};
		FAFFCD211EDB61DD0049BA2B /* Debug */ = {
			isa = XCBuildConfiguration;
			buildSettings = {
				BUNDLE_LOADER = "$(TEST_HOST)";
				INFOPLIST_FILE = "Login and Registration moduleTests/Info.plist";
				LD_RUNPATH_SEARCH_PATHS = "$(inherited) @executable_path/Frameworks @loader_path/Frameworks";
				PRODUCT_BUNDLE_IDENTIFIER = "com.luoerming.Login-and-Registration-moduleTests";
				PRODUCT_NAME = "$(TARGET_NAME)";
				TEST_HOST = "$(BUILT_PRODUCTS_DIR)/Login and Registration module.app/Login and Registration module";
			};
			name = Debug;
		};
		FAFFCD221EDB61DD0049BA2B /* Release */ = {
			isa = XCBuildConfiguration;
			buildSettings = {
				BUNDLE_LOADER = "$(TEST_HOST)";
				INFOPLIST_FILE = "Login and Registration moduleTests/Info.plist";
				LD_RUNPATH_SEARCH_PATHS = "$(inherited) @executable_path/Frameworks @loader_path/Frameworks";
				PRODUCT_BUNDLE_IDENTIFIER = "com.luoerming.Login-and-Registration-moduleTests";
				PRODUCT_NAME = "$(TARGET_NAME)";
				TEST_HOST = "$(BUILT_PRODUCTS_DIR)/Login and Registration module.app/Login and Registration module";
			};
			name = Release;
		};
		FAFFCD241EDB61DD0049BA2B /* Debug */ = {
			isa = XCBuildConfiguration;
			buildSettings = {
				INFOPLIST_FILE = "Login and Registration moduleUITests/Info.plist";
				LD_RUNPATH_SEARCH_PATHS = "$(inherited) @executable_path/Frameworks @loader_path/Frameworks";
				PRODUCT_BUNDLE_IDENTIFIER = "com.luoerming.Login-and-Registration-moduleUITests";
				PRODUCT_NAME = "$(TARGET_NAME)";
				TEST_TARGET_NAME = "Login and Registration module";
			};
			name = Debug;
		};
		FAFFCD251EDB61DD0049BA2B /* Release */ = {
			isa = XCBuildConfiguration;
			buildSettings = {
				INFOPLIST_FILE = "Login and Registration moduleUITests/Info.plist";
				LD_RUNPATH_SEARCH_PATHS = "$(inherited) @executable_path/Frameworks @loader_path/Frameworks";
				PRODUCT_BUNDLE_IDENTIFIER = "com.luoerming.Login-and-Registration-moduleUITests";
				PRODUCT_NAME = "$(TARGET_NAME)";
				TEST_TARGET_NAME = "Login and Registration module";
			};
			name = Release;
		};
/* End XCBuildConfiguration section */

/* Begin XCConfigurationList section */
		FAFFCCEB1EDB61DC0049BA2B /* Build configuration list for PBXProject "Login and Registration module" */ = {
			isa = XCConfigurationList;
			buildConfigurations = (
				FAFFCD1B1EDB61DD0049BA2B /* Debug */,
				FAFFCD1C1EDB61DD0049BA2B /* Release */,
			);
			defaultConfigurationIsVisible = 0;
			defaultConfigurationName = Release;
		};
		FAFFCD1D1EDB61DD0049BA2B /* Build configuration list for PBXNativeTarget "Login and Registration module" */ = {
			isa = XCConfigurationList;
			buildConfigurations = (
				FAFFCD1E1EDB61DD0049BA2B /* Debug */,
				FAFFCD1F1EDB61DD0049BA2B /* Release */,
			);
			defaultConfigurationIsVisible = 0;
		};
		FAFFCD201EDB61DD0049BA2B /* Build configuration list for PBXNativeTarget "Login and Registration moduleTests" */ = {
			isa = XCConfigurationList;
			buildConfigurations = (
				FAFFCD211EDB61DD0049BA2B /* Debug */,
				FAFFCD221EDB61DD0049BA2B /* Release */,
			);
			defaultConfigurationIsVisible = 0;
		};
		FAFFCD231EDB61DD0049BA2B /* Build configuration list for PBXNativeTarget "Login and Registration moduleUITests" */ = {
			isa = XCConfigurationList;
			buildConfigurations = (
				FAFFCD241EDB61DD0049BA2B /* Debug */,
				FAFFCD251EDB61DD0049BA2B /* Release */,
			);
			defaultConfigurationIsVisible = 0;
		};
/* End XCConfigurationList section */
	};
	rootObject = FAFFCCE81EDB61DC0049BA2B /* Project object */;
}
